// !$*UTF8*$!
{
	archiveVersion = 1;
	classes = {
	};
	objectVersion = 56;
	objects = {

/* Begin PBXBuildFile section */
		46F20C232BADDA4300C6D1BB /* AppDelegate.swift in Sources */ = {isa = PBXBuildFile; fileRef = 46F20C222BADDA4300C6D1BB /* AppDelegate.swift */; };
		46F20C252BADDA4300C6D1BB /* SceneDelegate.swift in Sources */ = {isa = PBXBuildFile; fileRef = 46F20C242BADDA4300C6D1BB /* SceneDelegate.swift */; };
		46F20C2C2BADDA4600C6D1BB /* Assets.xcassets in Resources */ = {isa = PBXBuildFile; fileRef = 46F20C2B2BADDA4600C6D1BB /* Assets.xcassets */; };
		46F20C2F2BADDA4600C6D1BB /* LaunchScreen.storyboard in Resources */ = {isa = PBXBuildFile; fileRef = 46F20C2D2BADDA4600C6D1BB /* LaunchScreen.storyboard */; };
		46F20C3F2BADDE4800C6D1BB /* HomeViewController.swift in Sources */ = {isa = PBXBuildFile; fileRef = 46F20C3D2BADDE4800C6D1BB /* HomeViewController.swift */; };
		46F20C402BADDE4800C6D1BB /* HomeViewController.xib in Resources */ = {isa = PBXBuildFile; fileRef = 46F20C3E2BADDE4800C6D1BB /* HomeViewController.xib */; };
		46F20C452BADDFF500C6D1BB /* ListViewController.swift in Sources */ = {isa = PBXBuildFile; fileRef = 46F20C432BADDFF500C6D1BB /* ListViewController.swift */; };
		46F20C462BADDFF500C6D1BB /* ListViewController.xib in Resources */ = {isa = PBXBuildFile; fileRef = 46F20C442BADDFF500C6D1BB /* ListViewController.xib */; };
		46F20C4E2BADE20500C6D1BB /* DetailViewController.swift in Sources */ = {isa = PBXBuildFile; fileRef = 46F20C4C2BADE20500C6D1BB /* DetailViewController.swift */; };
		46F20C4F2BADE20500C6D1BB /* DetailViewController.xib in Resources */ = {isa = PBXBuildFile; fileRef = 46F20C4D2BADE20500C6D1BB /* DetailViewController.xib */; };
		46F20C572BADE40900C6D1BB /* CheckoutCartViewController.swift in Sources */ = {isa = PBXBuildFile; fileRef = 46F20C552BADE40900C6D1BB /* CheckoutCartViewController.swift */; };
		46F20C582BADE40900C6D1BB /* CheckoutCartViewController.xib in Resources */ = {isa = PBXBuildFile; fileRef = 46F20C562BADE40900C6D1BB /* CheckoutCartViewController.xib */; };
		46F20C5B2BADE42400C6D1BB /* CheckoutAddressViewController.swift in Sources */ = {isa = PBXBuildFile; fileRef = 46F20C592BADE42400C6D1BB /* CheckoutAddressViewController.swift */; };
		46F20C5C2BADE42400C6D1BB /* CheckoutAddressViewController.xib in Resources */ = {isa = PBXBuildFile; fileRef = 46F20C5A2BADE42400C6D1BB /* CheckoutAddressViewController.xib */; };
		46F20C5F2BADE45300C6D1BB /* CheckoutPaymentViewController.swift in Sources */ = {isa = PBXBuildFile; fileRef = 46F20C5D2BADE45300C6D1BB /* CheckoutPaymentViewController.swift */; };
		46F20C602BADE45300C6D1BB /* CheckoutPaymentViewController.xib in Resources */ = {isa = PBXBuildFile; fileRef = 46F20C5E2BADE45300C6D1BB /* CheckoutPaymentViewController.xib */; };
		46F20C672BADE4B300C6D1BB /* CheckoutConfirmViewController.swift in Sources */ = {isa = PBXBuildFile; fileRef = 46F20C652BADE4B300C6D1BB /* CheckoutConfirmViewController.swift */; };
		46F20C682BADE4B300C6D1BB /* CheckoutConfirmViewController.xib in Resources */ = {isa = PBXBuildFile; fileRef = 46F20C662BADE4B300C6D1BB /* CheckoutConfirmViewController.xib */; };
		46F20C6B2BADE4C000C6D1BB /* CheckoutFInishViewController.swift in Sources */ = {isa = PBXBuildFile; fileRef = 46F20C692BADE4C000C6D1BB /* CheckoutFInishViewController.swift */; };
		46F20C6C2BADE4C000C6D1BB /* CheckoutFInishViewController.xib in Resources */ = {isa = PBXBuildFile; fileRef = 46F20C6A2BADE4C000C6D1BB /* CheckoutFInishViewController.xib */; };
		46F20C6E2BADE79000C6D1BB /* Coordinator.swift in Sources */ = {isa = PBXBuildFile; fileRef = 46F20C6D2BADE79000C6D1BB /* Coordinator.swift */; };
		46F20C702BADE99200C6D1BB /* HomeCoordinator.swift in Sources */ = {isa = PBXBuildFile; fileRef = 46F20C6F2BADE99200C6D1BB /* HomeCoordinator.swift */; };
		46F20C722BADEB4C00C6D1BB /* AppCoordinator.swift in Sources */ = {isa = PBXBuildFile; fileRef = 46F20C712BADEB4C00C6D1BB /* AppCoordinator.swift */; };
/* End PBXBuildFile section */

/* Begin PBXFileReference section */
		46F20C1F2BADDA4300C6D1BB /* Coordinator.app */ = {isa = PBXFileReference; explicitFileType = wrapper.application; includeInIndex = 0; path = Coordinator.app; sourceTree = BUILT_PRODUCTS_DIR; };
		46F20C222BADDA4300C6D1BB /* AppDelegate.swift */ = {isa = PBXFileReference; lastKnownFileType = sourcecode.swift; path = AppDelegate.swift; sourceTree = "<group>"; };
		46F20C242BADDA4300C6D1BB /* SceneDelegate.swift */ = {isa = PBXFileReference; lastKnownFileType = sourcecode.swift; path = SceneDelegate.swift; sourceTree = "<group>"; };
		46F20C2B2BADDA4600C6D1BB /* Assets.xcassets */ = {isa = PBXFileReference; lastKnownFileType = folder.assetcatalog; path = Assets.xcassets; sourceTree = "<group>"; };
		46F20C2E2BADDA4600C6D1BB /* Base */ = {isa = PBXFileReference; lastKnownFileType = file.storyboard; name = Base; path = Base.lproj/LaunchScreen.storyboard; sourceTree = "<group>"; };
		46F20C302BADDA4600C6D1BB /* Info.plist */ = {isa = PBXFileReference; lastKnownFileType = text.plist.xml; path = Info.plist; sourceTree = "<group>"; };
		46F20C3D2BADDE4800C6D1BB /* HomeViewController.swift */ = {isa = PBXFileReference; lastKnownFileType = sourcecode.swift; path = HomeViewController.swift; sourceTree = "<group>"; };
		46F20C3E2BADDE4800C6D1BB /* HomeViewController.xib */ = {isa = PBXFileReference; lastKnownFileType = file.xib; path = HomeViewController.xib; sourceTree = "<group>"; };
		46F20C432BADDFF500C6D1BB /* ListViewController.swift */ = {isa = PBXFileReference; lastKnownFileType = sourcecode.swift; path = ListViewController.swift; sourceTree = "<group>"; };
		46F20C442BADDFF500C6D1BB /* ListViewController.xib */ = {isa = PBXFileReference; lastKnownFileType = file.xib; path = ListViewController.xib; sourceTree = "<group>"; };
		46F20C4C2BADE20500C6D1BB /* DetailViewController.swift */ = {isa = PBXFileReference; lastKnownFileType = sourcecode.swift; path = DetailViewController.swift; sourceTree = "<group>"; };
		46F20C4D2BADE20500C6D1BB /* DetailViewController.xib */ = {isa = PBXFileReference; lastKnownFileType = file.xib; path = DetailViewController.xib; sourceTree = "<group>"; };
		46F20C552BADE40900C6D1BB /* CheckoutCartViewController.swift */ = {isa = PBXFileReference; lastKnownFileType = sourcecode.swift; path = CheckoutCartViewController.swift; sourceTree = "<group>"; };
		46F20C562BADE40900C6D1BB /* CheckoutCartViewController.xib */ = {isa = PBXFileReference; lastKnownFileType = file.xib; path = CheckoutCartViewController.xib; sourceTree = "<group>"; };
		46F20C592BADE42400C6D1BB /* CheckoutAddressViewController.swift */ = {isa = PBXFileReference; lastKnownFileType = sourcecode.swift; path = CheckoutAddressViewController.swift; sourceTree = "<group>"; };
		46F20C5A2BADE42400C6D1BB /* CheckoutAddressViewController.xib */ = {isa = PBXFileReference; lastKnownFileType = file.xib; path = CheckoutAddressViewController.xib; sourceTree = "<group>"; };
		46F20C5D2BADE45300C6D1BB /* CheckoutPaymentViewController.swift */ = {isa = PBXFileReference; lastKnownFileType = sourcecode.swift; path = CheckoutPaymentViewController.swift; sourceTree = "<group>"; };
		46F20C5E2BADE45300C6D1BB /* CheckoutPaymentViewController.xib */ = {isa = PBXFileReference; lastKnownFileType = file.xib; path = CheckoutPaymentViewController.xib; sourceTree = "<group>"; };
		46F20C652BADE4B300C6D1BB /* CheckoutConfirmViewController.swift */ = {isa = PBXFileReference; lastKnownFileType = sourcecode.swift; path = CheckoutConfirmViewController.swift; sourceTree = "<group>"; };
		46F20C662BADE4B300C6D1BB /* CheckoutConfirmViewController.xib */ = {isa = PBXFileReference; lastKnownFileType = file.xib; path = CheckoutConfirmViewController.xib; sourceTree = "<group>"; };
		46F20C692BADE4C000C6D1BB /* CheckoutFInishViewController.swift */ = {isa = PBXFileReference; lastKnownFileType = sourcecode.swift; path = CheckoutFInishViewController.swift; sourceTree = "<group>"; };
		46F20C6A2BADE4C000C6D1BB /* CheckoutFInishViewController.xib */ = {isa = PBXFileReference; lastKnownFileType = file.xib; path = CheckoutFInishViewController.xib; sourceTree = "<group>"; };
		46F20C6D2BADE79000C6D1BB /* Coordinator.swift */ = {isa = PBXFileReference; lastKnownFileType = sourcecode.swift; path = Coordinator.swift; sourceTree = "<group>"; };
		46F20C6F2BADE99200C6D1BB /* HomeCoordinator.swift */ = {isa = PBXFileReference; lastKnownFileType = sourcecode.swift; path = HomeCoordinator.swift; sourceTree = "<group>"; };
		46F20C712BADEB4C00C6D1BB /* AppCoordinator.swift */ = {isa = PBXFileReference; lastKnownFileType = sourcecode.swift; path = AppCoordinator.swift; sourceTree = "<group>"; };
/* End PBXFileReference section */

/* Begin PBXFrameworksBuildPhase section */
		46F20C1C2BADDA4300C6D1BB /* Frameworks */ = {
			isa = PBXFrameworksBuildPhase;
			buildActionMask = 2147483647;
			files = (
			);
			runOnlyForDeploymentPostprocessing = 0;
		};
/* End PBXFrameworksBuildPhase section */

/* Begin PBXGroup section */
		46F20C162BADDA4300C6D1BB = {
			isa = PBXGroup;
			children = (
				46F20C212BADDA4300C6D1BB /* Coordinator */,
				46F20C202BADDA4300C6D1BB /* Products */,
			);
			sourceTree = "<group>";
		};
		46F20C202BADDA4300C6D1BB /* Products */ = {
			isa = PBXGroup;
			children = (
				46F20C1F2BADDA4300C6D1BB /* Coordinator.app */,
			);
			name = Products;
			sourceTree = "<group>";
		};
		46F20C212BADDA4300C6D1BB /* Coordinator */ = {
			isa = PBXGroup;
			children = (
				46F20C362BADDD7A00C6D1BB /* Commoms */,
				46F20C372BADDD8600C6D1BB /* Features */,
				46F20C382BADDD8C00C6D1BB /* Sources */,
				46F20C392BADDD9200C6D1BB /* Resources */,
				46F20C2B2BADDA4600C6D1BB /* Assets.xcassets */,
				46F20C2D2BADDA4600C6D1BB /* LaunchScreen.storyboard */,
				46F20C302BADDA4600C6D1BB /* Info.plist */,
			);
			path = Coordinator;
			sourceTree = "<group>";
		};
		46F20C362BADDD7A00C6D1BB /* Commoms */ = {
			isa = PBXGroup;
			children = (
				46F20C242BADDA4300C6D1BB /* SceneDelegate.swift */,
			);
			path = Commoms;
			sourceTree = "<group>";
		};
		46F20C372BADDD8600C6D1BB /* Features */ = {
			isa = PBXGroup;
			children = (
				46F20C3A2BADDDCB00C6D1BB /* Home */,
				46F20C3C2BADDDDB00C6D1BB /* Product */,
				46F20C4B2BADE02300C6D1BB /* Checkout */,
			);
			path = Features;
			sourceTree = "<group>";
		};
		46F20C382BADDD8C00C6D1BB /* Sources */ = {
			isa = PBXGroup;
			children = (
				46F20C222BADDA4300C6D1BB /* AppDelegate.swift */,
				46F20C6D2BADE79000C6D1BB /* Coordinator.swift */,
				46F20C712BADEB4C00C6D1BB /* AppCoordinator.swift */,
			);
			path = Sources;
			sourceTree = "<group>";
		};
		46F20C392BADDD9200C6D1BB /* Resources */ = {
			isa = PBXGroup;
			children = (
			);
			path = Resources;
			sourceTree = "<group>";
		};
		46F20C3A2BADDDCB00C6D1BB /* Home */ = {
			isa = PBXGroup;
			children = (
				46F20C6F2BADE99200C6D1BB /* HomeCoordinator.swift */,
				46F20C3D2BADDE4800C6D1BB /* HomeViewController.swift */,
				46F20C3E2BADDE4800C6D1BB /* HomeViewController.xib */,
			);
			path = Home;
			sourceTree = "<group>";
		};
		46F20C3C2BADDDDB00C6D1BB /* Product */ = {
			isa = PBXGroup;
			children = (
				46F20C412BADDFD700C6D1BB /* List */,
				46F20C422BADDFDD00C6D1BB /* Detail */,
			);
			path = Product;
			sourceTree = "<group>";
		};
		46F20C412BADDFD700C6D1BB /* List */ = {
			isa = PBXGroup;
			children = (
				46F20C432BADDFF500C6D1BB /* ListViewController.swift */,
				46F20C442BADDFF500C6D1BB /* ListViewController.xib */,
			);
			path = List;
			sourceTree = "<group>";
		};
		46F20C422BADDFDD00C6D1BB /* Detail */ = {
			isa = PBXGroup;
			children = (
				46F20C4C2BADE20500C6D1BB /* DetailViewController.swift */,
				46F20C4D2BADE20500C6D1BB /* DetailViewController.xib */,
			);
			path = Detail;
			sourceTree = "<group>";
		};
		46F20C4B2BADE02300C6D1BB /* Checkout */ = {
			isa = PBXGroup;
			children = (
				46F20C502BADE34D00C6D1BB /* Cart */,
				46F20C512BADE35300C6D1BB /* Address */,
				46F20C522BADE36000C6D1BB /* Payment */,
				46F20C532BADE36400C6D1BB /* Confirm */,
				46F20C542BADE36A00C6D1BB /* Finish */,
			);
			path = Checkout;
			sourceTree = "<group>";
		};
		46F20C502BADE34D00C6D1BB /* Cart */ = {
			isa = PBXGroup;
			children = (
				46F20C552BADE40900C6D1BB /* CheckoutCartViewController.swift */,
				46F20C562BADE40900C6D1BB /* CheckoutCartViewController.xib */,
			);
			path = Cart;
			sourceTree = "<group>";
		};
		46F20C512BADE35300C6D1BB /* Address */ = {
			isa = PBXGroup;
			children = (
				46F20C592BADE42400C6D1BB /* CheckoutAddressViewController.swift */,
				46F20C5A2BADE42400C6D1BB /* CheckoutAddressViewController.xib */,
			);
			path = Address;
			sourceTree = "<group>";
		};
		46F20C522BADE36000C6D1BB /* Payment */ = {
			isa = PBXGroup;
			children = (
				46F20C5D2BADE45300C6D1BB /* CheckoutPaymentViewController.swift */,
				46F20C5E2BADE45300C6D1BB /* CheckoutPaymentViewController.xib */,
			);
			path = Payment;
			sourceTree = "<group>";
		};
		46F20C532BADE36400C6D1BB /* Confirm */ = {
			isa = PBXGroup;
			children = (
				46F20C652BADE4B300C6D1BB /* CheckoutConfirmViewController.swift */,
				46F20C662BADE4B300C6D1BB /* CheckoutConfirmViewController.xib */,
			);
			path = Confirm;
			sourceTree = "<group>";
		};
		46F20C542BADE36A00C6D1BB /* Finish */ = {
			isa = PBXGroup;
			children = (
				46F20C692BADE4C000C6D1BB /* CheckoutFInishViewController.swift */,
				46F20C6A2BADE4C000C6D1BB /* CheckoutFInishViewController.xib */,
			);
			path = Finish;
			sourceTree = "<group>";
		};
/* End PBXGroup section */

/* Begin PBXNativeTarget section */
		46F20C1E2BADDA4300C6D1BB /* Coordinator */ = {
			isa = PBXNativeTarget;
			buildConfigurationList = 46F20C332BADDA4600C6D1BB /* Build configuration list for PBXNativeTarget "Coordinator" */;
			buildPhases = (
				46F20C1B2BADDA4300C6D1BB /* Sources */,
				46F20C1C2BADDA4300C6D1BB /* Frameworks */,
				46F20C1D2BADDA4300C6D1BB /* Resources */,
			);
			buildRules = (
			);
			dependencies = (
			);
			name = Coordinator;
			productName = Coordinator;
			productReference = 46F20C1F2BADDA4300C6D1BB /* Coordinator.app */;
			productType = "com.apple.product-type.application";
		};
/* End PBXNativeTarget section */

/* Begin PBXProject section */
		46F20C172BADDA4300C6D1BB /* Project object */ = {
			isa = PBXProject;
			attributes = {
				BuildIndependentTargetsInParallel = 1;
				LastSwiftUpdateCheck = 1500;
				LastUpgradeCheck = 1500;
				TargetAttributes = {
					46F20C1E2BADDA4300C6D1BB = {
						CreatedOnToolsVersion = 15.0;
					};
				};
			};
			buildConfigurationList = 46F20C1A2BADDA4300C6D1BB /* Build configuration list for PBXProject "Coordinator" */;
			compatibilityVersion = "Xcode 14.0";
			developmentRegion = en;
			hasScannedForEncodings = 0;
			knownRegions = (
				en,
				Base,
			);
			mainGroup = 46F20C162BADDA4300C6D1BB;
			productRefGroup = 46F20C202BADDA4300C6D1BB /* Products */;
			projectDirPath = "";
			projectRoot = "";
			targets = (
				46F20C1E2BADDA4300C6D1BB /* Coordinator */,
			);
		};
/* End PBXProject section */

/* Begin PBXResourcesBuildPhase section */
		46F20C1D2BADDA4300C6D1BB /* Resources */ = {
			isa = PBXResourcesBuildPhase;
			buildActionMask = 2147483647;
			files = (
				46F20C5C2BADE42400C6D1BB /* CheckoutAddressViewController.xib in Resources */,
				46F20C582BADE40900C6D1BB /* CheckoutCartViewController.xib in Resources */,
				46F20C2F2BADDA4600C6D1BB /* LaunchScreen.storyboard in Resources */,
				46F20C2C2BADDA4600C6D1BB /* Assets.xcassets in Resources */,
				46F20C4F2BADE20500C6D1BB /* DetailViewController.xib in Resources */,
				46F20C462BADDFF500C6D1BB /* ListViewController.xib in Resources */,
				46F20C6C2BADE4C000C6D1BB /* CheckoutFInishViewController.xib in Resources */,
				46F20C402BADDE4800C6D1BB /* HomeViewController.xib in Resources */,
				46F20C682BADE4B300C6D1BB /* CheckoutConfirmViewController.xib in Resources */,
				46F20C602BADE45300C6D1BB /* CheckoutPaymentViewController.xib in Resources */,
			);
			runOnlyForDeploymentPostprocessing = 0;
		};
/* End PBXResourcesBuildPhase section */

/* Begin PBXSourcesBuildPhase section */
		46F20C1B2BADDA4300C6D1BB /* Sources */ = {
			isa = PBXSourcesBuildPhase;
			buildActionMask = 2147483647;
			files = (
				46F20C232BADDA4300C6D1BB /* AppDelegate.swift in Sources */,
				46F20C6B2BADE4C000C6D1BB /* CheckoutFInishViewController.swift in Sources */,
				46F20C722BADEB4C00C6D1BB /* AppCoordinator.swift in Sources */,
				46F20C5F2BADE45300C6D1BB /* CheckoutPaymentViewController.swift in Sources */,
				46F20C672BADE4B300C6D1BB /* CheckoutConfirmViewController.swift in Sources */,
				46F20C5B2BADE42400C6D1BB /* CheckoutAddressViewController.swift in Sources */,
				46F20C702BADE99200C6D1BB /* HomeCoordinator.swift in Sources */,
				46F20C252BADDA4300C6D1BB /* SceneDelegate.swift in Sources */,
				46F20C6E2BADE79000C6D1BB /* Coordinator.swift in Sources */,
				46F20C572BADE40900C6D1BB /* CheckoutCartViewController.swift in Sources */,
				46F20C4E2BADE20500C6D1BB /* DetailViewController.swift in Sources */,
				46F20C452BADDFF500C6D1BB /* ListViewController.swift in Sources */,
				46F20C3F2BADDE4800C6D1BB /* HomeViewController.swift in Sources */,
			);
			runOnlyForDeploymentPostprocessing = 0;
		};
/* End PBXSourcesBuildPhase section */

/* Begin PBXVariantGroup section */
		46F20C2D2BADDA4600C6D1BB /* LaunchScreen.storyboard */ = {
			isa = PBXVariantGroup;
			children = (
				46F20C2E2BADDA4600C6D1BB /* Base */,
			);
			name = LaunchScreen.storyboard;
			sourceTree = "<group>";
		};
/* End PBXVariantGroup section */

/* Begin XCBuildConfiguration section */
		46F20C312BADDA4600C6D1BB /* Debug */ = {
			isa = XCBuildConfiguration;
			buildSettings = {
				ALWAYS_SEARCH_USER_PATHS = NO;
				ASSETCATALOG_COMPILER_GENERATE_SWIFT_ASSET_SYMBOL_EXTENSIONS = YES;
				CLANG_ANALYZER_NONNULL = YES;
				CLANG_ANALYZER_NUMBER_OBJECT_CONVERSION = YES_AGGRESSIVE;
				CLANG_CXX_LANGUAGE_STANDARD = "gnu++20";
				CLANG_ENABLE_MODULES = YES;
				CLANG_ENABLE_OBJC_ARC = YES;
				CLANG_ENABLE_OBJC_WEAK = YES;
				CLANG_WARN_BLOCK_CAPTURE_AUTORELEASING = YES;
				CLANG_WARN_BOOL_CONVERSION = YES;
				CLANG_WARN_COMMA = YES;
				CLANG_WARN_CONSTANT_CONVERSION = YES;
				CLANG_WARN_DEPRECATED_OBJC_IMPLEMENTATIONS = YES;
				CLANG_WARN_DIRECT_OBJC_ISA_USAGE = YES_ERROR;
				CLANG_WARN_DOCUMENTATION_COMMENTS = YES;
				CLANG_WARN_EMPTY_BODY = YES;
				CLANG_WARN_ENUM_CONVERSION = YES;
				CLANG_WARN_INFINITE_RECURSION = YES;
				CLANG_WARN_INT_CONVERSION = YES;
				CLANG_WARN_NON_LITERAL_NULL_CONVERSION = YES;
				CLANG_WARN_OBJC_IMPLICIT_RETAIN_SELF = YES;
				CLANG_WARN_OBJC_LITERAL_CONVERSION = YES;
				CLANG_WARN_OBJC_ROOT_CLASS = YES_ERROR;
				CLANG_WARN_QUOTED_INCLUDE_IN_FRAMEWORK_HEADER = YES;
				CLANG_WARN_RANGE_LOOP_ANALYSIS = YES;
				CLANG_WARN_STRICT_PROTOTYPES = YES;
				CLANG_WARN_SUSPICIOUS_MOVE = YES;
				CLANG_WARN_UNGUARDED_AVAILABILITY = YES_AGGRESSIVE;
				CLANG_WARN_UNREACHABLE_CODE = YES;
				CLANG_WARN__DUPLICATE_METHOD_MATCH = YES;
				COPY_PHASE_STRIP = NO;
				DEBUG_INFORMATION_FORMAT = dwarf;
				ENABLE_STRICT_OBJC_MSGSEND = YES;
				ENABLE_TESTABILITY = YES;
				ENABLE_USER_SCRIPT_SANDBOXING = YES;
				GCC_C_LANGUAGE_STANDARD = gnu17;
				GCC_DYNAMIC_NO_PIC = NO;
				GCC_NO_COMMON_BLOCKS = YES;
				GCC_OPTIMIZATION_LEVEL = 0;
				GCC_PREPROCESSOR_DEFINITIONS = (
					"DEBUG=1",
					"$(inherited)",
				);
				GCC_WARN_64_TO_32_BIT_CONVERSION = YES;
				GCC_WARN_ABOUT_RETURN_TYPE = YES_ERROR;
				GCC_WARN_UNDECLARED_SELECTOR = YES;
				GCC_WARN_UNINITIALIZED_AUTOS = YES_AGGRESSIVE;
				GCC_WARN_UNUSED_FUNCTION = YES;
				GCC_WARN_UNUSED_VARIABLE = YES;
				IPHONEOS_DEPLOYMENT_TARGET = 17.0;
				LOCALIZATION_PREFERS_STRING_CATALOGS = YES;
				MTL_ENABLE_DEBUG_INFO = INCLUDE_SOURCE;
				MTL_FAST_MATH = YES;
				ONLY_ACTIVE_ARCH = YES;
				SDKROOT = iphoneos;
				SWIFT_ACTIVE_COMPILATION_CONDITIONS = "DEBUG $(inherited)";
				SWIFT_OPTIMIZATION_LEVEL = "-Onone";
			};
			name = Debug;
		};
		46F20C322BADDA4600C6D1BB /* Release */ = {
			isa = XCBuildConfiguration;
			buildSettings = {
				ALWAYS_SEARCH_USER_PATHS = NO;
				ASSETCATALOG_COMPILER_GENERATE_SWIFT_ASSET_SYMBOL_EXTENSIONS = YES;
				CLANG_ANALYZER_NONNULL = YES;
				CLANG_ANALYZER_NUMBER_OBJECT_CONVERSION = YES_AGGRESSIVE;
				CLANG_CXX_LANGUAGE_STANDARD = "gnu++20";
				CLANG_ENABLE_MODULES = YES;
				CLANG_ENABLE_OBJC_ARC = YES;
				CLANG_ENABLE_OBJC_WEAK = YES;
				CLANG_WARN_BLOCK_CAPTURE_AUTORELEASING = YES;
				CLANG_WARN_BOOL_CONVERSION = YES;
				CLANG_WARN_COMMA = YES;
				CLANG_WARN_CONSTANT_CONVERSION = YES;
				CLANG_WARN_DEPRECATED_OBJC_IMPLEMENTATIONS = YES;
				CLANG_WARN_DIRECT_OBJC_ISA_USAGE = YES_ERROR;
				CLANG_WARN_DOCUMENTATION_COMMENTS = YES;
				CLANG_WARN_EMPTY_BODY = YES;
				CLANG_WARN_ENUM_CONVERSION = YES;
				CLANG_WARN_INFINITE_RECURSION = YES;
				CLANG_WARN_INT_CONVERSION = YES;
				CLANG_WARN_NON_LITERAL_NULL_CONVERSION = YES;
				CLANG_WARN_OBJC_IMPLICIT_RETAIN_SELF = YES;
				CLANG_WARN_OBJC_LITERAL_CONVERSION = YES;
				CLANG_WARN_OBJC_ROOT_CLASS = YES_ERROR;
				CLANG_WARN_QUOTED_INCLUDE_IN_FRAMEWORK_HEADER = YES;
				CLANG_WARN_RANGE_LOOP_ANALYSIS = YES;
				CLANG_WARN_STRICT_PROTOTYPES = YES;
				CLANG_WARN_SUSPICIOUS_MOVE = YES;
				CLANG_WARN_UNGUARDED_AVAILABILITY = YES_AGGRESSIVE;
				CLANG_WARN_UNREACHABLE_CODE = YES;
				CLANG_WARN__DUPLICATE_METHOD_MATCH = YES;
				COPY_PHASE_STRIP = NO;
				DEBUG_INFORMATION_FORMAT = "dwarf-with-dsym";
				ENABLE_NS_ASSERTIONS = NO;
				ENABLE_STRICT_OBJC_MSGSEND = YES;
				ENABLE_USER_SCRIPT_SANDBOXING = YES;
				GCC_C_LANGUAGE_STANDARD = gnu17;
				GCC_NO_COMMON_BLOCKS = YES;
				GCC_WARN_64_TO_32_BIT_CONVERSION = YES;
				GCC_WARN_ABOUT_RETURN_TYPE = YES_ERROR;
				GCC_WARN_UNDECLARED_SELECTOR = YES;
				GCC_WARN_UNINITIALIZED_AUTOS = YES_AGGRESSIVE;
				GCC_WARN_UNUSED_FUNCTION = YES;
				GCC_WARN_UNUSED_VARIABLE = YES;
				IPHONEOS_DEPLOYMENT_TARGET = 17.0;
				LOCALIZATION_PREFERS_STRING_CATALOGS = YES;
				MTL_ENABLE_DEBUG_INFO = NO;
				MTL_FAST_MATH = YES;
				SDKROOT = iphoneos;
				SWIFT_COMPILATION_MODE = wholemodule;
				VALIDATE_PRODUCT = YES;
			};
			name = Release;
		};
		46F20C342BADDA4600C6D1BB /* Debug */ = {
			isa = XCBuildConfiguration;
			buildSettings = {
				ASSETCATALOG_COMPILER_APPICON_NAME = AppIcon;
				ASSETCATALOG_COMPILER_GLOBAL_ACCENT_COLOR_NAME = AccentColor;
				CODE_SIGN_STYLE = Automatic;
				CURRENT_PROJECT_VERSION = 1;
				DEVELOPMENT_TEAM = 3WX9FH8392;
				GENERATE_INFOPLIST_FILE = YES;
				INFOPLIST_FILE = Coordinator/Info.plist;
				INFOPLIST_KEY_UIApplicationSupportsIndirectInputEvents = YES;
				INFOPLIST_KEY_UILaunchStoryboardName = LaunchScreen;
				INFOPLIST_KEY_UISupportedInterfaceOrientations = UIInterfaceOrientationPortrait;
				INFOPLIST_KEY_UISupportedInterfaceOrientations_iPad = "UIInterfaceOrientationLandscapeLeft UIInterfaceOrientationLandscapeRight UIInterfaceOrientationPortrait UIInterfaceOrientationPortraitUpsideDown";
				LD_RUNPATH_SEARCH_PATHS = (
					"$(inherited)",
					"@executable_path/Frameworks",
				);
				MARKETING_VERSION = 1.0;
				PRODUCT_BUNDLE_IDENTIFIER = com.lucas.Coordinator;
				PRODUCT_NAME = "$(TARGET_NAME)";
				SUPPORTED_PLATFORMS = "iphoneos iphonesimulator";
				SUPPORTS_MACCATALYST = NO;
				SUPPORTS_MAC_DESIGNED_FOR_IPHONE_IPAD = NO;
				SWIFT_EMIT_LOC_STRINGS = YES;
				SWIFT_VERSION = 5.0;
				TARGETED_DEVICE_FAMILY = 1;
			};
			name = Debug;
		};
		46F20C352BADDA4600C6D1BB /* Release */ = {
			isa = XCBuildConfiguration;
			buildSettings = {
				ASSETCATALOG_COMPILER_APPICON_NAME = AppIcon;
				ASSETCATALOG_COMPILER_GLOBAL_ACCENT_COLOR_NAME = AccentColor;
				CODE_SIGN_STYLE = Automatic;
				CURRENT_PROJECT_VERSION = 1;
				DEVELOPMENT_TEAM = 3WX9FH8392;
				GENERATE_INFOPLIST_FILE = YES;
				INFOPLIST_FILE = Coordinator/Info.plist;
				INFOPLIST_KEY_UIApplicationSupportsIndirectInputEvents = YES;
				INFOPLIST_KEY_UILaunchStoryboardName = LaunchScreen;
				INFOPLIST_KEY_UISupportedInterfaceOrientations = UIInterfaceOrientationPortrait;
				INFOPLIST_KEY_UISupportedInterfaceOrientations_iPad = "UIInterfaceOrientationLandscapeLeft UIInterfaceOrientationLandscapeRight UIInterfaceOrientationPortrait UIInterfaceOrientationPortraitUpsideDown";
				LD_RUNPATH_SEARCH_PATHS = (
					"$(inherited)",
					"@executable_path/Frameworks",
				);
				MARKETING_VERSION = 1.0;
				PRODUCT_BUNDLE_IDENTIFIER = com.lucas.Coordinator;
				PRODUCT_NAME = "$(TARGET_NAME)";
				SUPPORTED_PLATFORMS = "iphoneos iphonesimulator";
				SUPPORTS_MACCATALYST = NO;
				SUPPORTS_MAC_DESIGNED_FOR_IPHONE_IPAD = NO;
				SWIFT_EMIT_LOC_STRINGS = YES;
				SWIFT_VERSION = 5.0;
				TARGETED_DEVICE_FAMILY = 1;
			};
			name = Release;
		};
/* End XCBuildConfiguration section */

/* Begin XCConfigurationList section */
		46F20C1A2BADDA4300C6D1BB /* Build configuration list for PBXProject "Coordinator" */ = {
			isa = XCConfigurationList;
			buildConfigurations = (
				46F20C312BADDA4600C6D1BB /* Debug */,
				46F20C322BADDA4600C6D1BB /* Release */,
			);
			defaultConfigurationIsVisible = 0;
			defaultConfigurationName = Release;
		};
		46F20C332BADDA4600C6D1BB /* Build configuration list for PBXNativeTarget "Coordinator" */ = {
			isa = XCConfigurationList;
			buildConfigurations = (
				46F20C342BADDA4600C6D1BB /* Debug */,
				46F20C352BADDA4600C6D1BB /* Release */,
			);
			defaultConfigurationIsVisible = 0;
			defaultConfigurationName = Release;
		};
/* End XCConfigurationList section */
	};
	rootObject = 46F20C172BADDA4300C6D1BB /* Project object */;
}
